
Microsoft Visual Studio Solution File, Format Version 12.00
# Visual Studio 15
VisualStudioVersion = 15.0.28307.572
MinimumVisualStudioVersion = 10.0.40219.1
Project("{FAE04EC0-301F-11D3-BF4B-00C04F79EFBC}") = "Coffee Shop", "Coffee Shop\Coffee Shop.csproj", "{00302482-F4A3-4987-8EC3-7DFBB08E897D}"
EndProject
Global
	GlobalSection(SolutionConfigurationPlatforms) = preSolution
		Debug|Any CPU = Debug|Any CPU
		Release|Any CPU = Release|Any CPU
	EndGlobalSection
	GlobalSection(ProjectConfigurationPlatforms) = postSolution
		{00302482-F4A3-4987-8EC3-7DFBB08E897D}.Debug|Any CPU.ActiveCfg = Debug|Any CPU
		{00302482-F4A3-4987-8EC3-7DFBB08E897D}.Debug|Any CPU.Build.0 = Debug|Any CPU
		{00302482-F4A3-4987-8EC3-7DFBB08E897D}.Release|Any CPU.ActiveCfg = Release|Any CPU
		{00302482-F4A3-4987-8EC3-7DFBB08E897D}.Release|Any CPU.Build.0 = Release|Any CPU
	EndGlobalSection
	GlobalSection(SolutionProperties) = preSolution
		HideSolutionNode = FALSE
	EndGlobalSection
	GlobalSection(ExtensibilityGlobals) = postSolution
		SolutionGuid = {7AF88456-D876-4B03-B76E-CC240394F996}
	EndGlobalSection
EndGlobal
